github.com/davecgh/go-spew v1.1.2-0.20180830191138-d8f796af33cc h1:U9qPSI2PIWSS1VwoXQT9A3Wy9MM3WgvqSxFWenqJduM=
github.com/davecgh/go-spew v1.1.2-0.20180830191138-d8f796af33cc/go.mod h1:J7Y8YcW2NihsgmVo/mv3lAwl/skON4iLHjSsI+c5H38=
github.com/go-resty/resty/v2 v2.17.2 h1:FQW5oHYcIlkCNrMD2lloGScxcHJ0gkjshV3qcQAyHQk=
github.com/go-resty/resty/v2 v2.17.2/go.mod h1:kCKZ3wWmwJaNc7S29BRtUhJwy7iqmn+2mLtQrOyQlVA=
github.com/google/go-cmp v0.6.0 h1:ofyhxvXcZhMsU5ulbFiLKl/XBFqE1GSq7atu8tAmTRI=
github.com/google/go-cmp v0.6.0/go.mod h1:17dUlkBOakJ0+DkrSSNjCkIjxS6bF9zb3elmeNGIjoY=
github.com/google/uuid v1.6.0 h1:NIvaJDMOsjHA8n1jAhLSgzrAzy1Hgr+hNrb57e+94F0=
github.com/google/uuid v1.6.0/go.mod h1:TIyPZe4MgqvfeYDBFedMoGGpEw/LqOeaOT+nhxU+yHo=
github.com/jinzhu/inflection v1.0.0 h1:K317FqzuhWc8YvSVlFMCCUb36O/S9MCKRDI7QkRKD/E=
github.com/jinzhu/inflection v1.0.0/go.mod h1:h+uFLlag+Qp1Va5pdKtLDYj+kHp5pxUVkryuEj+Srlc=
github.com/jinzhu/now v1.1.5 h1:/o9tlHleP7gOFmsnYNz3RGnqzefHA47wQpKrrdTIwXQ=
github.com/jinzhu/now v1.1.5/go.mod h1:d3SSVoowX0Lcu0IBviAWJpolVfI5UJVZZ7cO71lE/z8=
github.com/kr/pretty v0.3.1 h1:flRD4NNwYAUpkphVc1HcthR4KEIFJ65n8Mw5qdRn3LE=
github.com/kr/pretty v0.3.1/go.mod h1:hoEshYVHaxMs3cyo3Yncou5ZscifuDolrwPKZanG3xk=
github.com/kr/text v0.2.0 h1:5Nx0Ya0ZqY2ygV366QzturHI13Jq95ApcVaJBhpS+AY=
github.com/kr/text v0.2.0/go.mod h1:eLer722TekiGuMkidMxC/pM04lWEeraHUUmBw8l2grE=
github.com/mattn/go-sqlite3 v1.14.37 h1:3DOZp4cXis1cUIpCfXLtmlGolNLp2VEqhiB/PARNBIg=
github.com/mattn/go-sqlite3 v1.14.37/go.mod h1:Uh1q+B4BYcTPb+yiD3kU8Ct7aC0hY9fxUwlHK0RXw+Y=
github.com/pkg/errors v0.9.1 h1:FEBLx1zS214owpjy7qsBeixbURkuhQAwrK5UwLGTwt4=
github.com/pkg/errors v0.9.1/go.mod h1:bwawxfHBFNV+L2hUp1rHADufV3IMtnDRdf1r5NINEl0=
github.com/pmezard/go-difflib v1.0.1-0.20181226105442-5d4384ee4fb2 h1:Jamvg5psRIccs7FGNTlIRMkT8wgtp5eCXdBlqhYGL6U=
github.com/pmezard/go-difflib v1.0.1-0.20181226105442-5d4384ee4fb2/go.mod h1:iKH77koFhYxTK1pcRnkKkqfTogsbg7gZNVY4sRDYZ/4=
github.com/rogpeppe/go-internal v1.14.1 h1:UQB4HGPB6osV0SQTLymcB4TgvyWu6ZyliaW0tI/otEQ=
github.com/rogpeppe/go-internal v1.14.1/go.mod h1:MaRKkUm5W0goXpeCfT7UZI6fk/L7L7so1lCWt35ZSgc=
github.com/stretchr/testify v1.11.1 h1:7s2iGBzp5EwR7/aIZr8ao5+dra3wiQyKjjFuvgVKu7U=
github.com/stretchr/testify v1.11.1/go.mod h1:wZwfW3scLgRK+23gO65QZefKpKQRnfz6sD981Nm4B6U=
github.com/yylego/done v0.0.0 h1:3N3D05zWXep/CoNKod8gILL/u3CROxpcmq74SVVY8WA=
github.com/yylego/done v0.0.0/go.mod h1:mbiHImx+5HTUrC+ZIxrPK2cHZAhsOzXq7nMmDrDKjsA=
github.com/yylego/erero v0.0.0 h1:4Xtx7hvE85Oe0gfol4QR3Atx0LeNehPQ12qmpIYe00o=
github.com/yylego/erero v0.0.0/go.mod h1:eyv5gznQX+zPByh+1WeKn6WTljt5deo1QbGM7i7+qrM=
github.com/yylego/formatgo v0.0.0 h1:P8sttCVb+cT6+B0UfjC1Bg80GxCFm56ONx4hnVBwMfk=
github.com/yylego/formatgo v0.0.0/go.mod h1:GplYsWVp1atmoWajHL3jRJghU01y7XZgQ686hcljgYo=
github.com/yylego/gormcngen v0.0.1 h1:dT9TyOfN/uWbidmxamAx5gMLL+4tecdjbrY+oRkKjKk=
github.com/yylego/gormcngen v0.0.1/go.mod h1:n7bQq/jbQdOniQOM+477t/zLTmBoHJWNRm+CWYr/otw=
github.com/yylego/gormcnm v0.0.0 h1:pI8KcsW6qqaDYpcv4txsjPqNzmiS5BrbhjNBJQiGmyE=
github.com/yylego/gormcnm v0.0.0/go.mod h1:cDJ8OHMm0rXxppI9UtcsHHFT3HAwjZ0Y+CK5lzCva2w=
github.com/yylego/gormrepo v0.0.2 h1:OoizVKR5e1k4mye2cn2LHBdEtIorh0tmT7monGLMW7Y=
github.com/yylego/gormrepo v0.0.2/go.mod h1:Gr08GcHLgzq12FV9bhew/k8hoK41PxAsDOXYphzeh0c=
github.com/yylego/must v0.0.0 h1:x2KPl61oxeLslgK3AH3nBQiGYic/MIb8mj6TOnVsalE=
github.com/yylego/must v0.0.0/go.mod h1:9tdcRG+PZ9ah8bMSjxu+/4OEWtGdINeKdmik1WNhsYw=
github.com/yylego/mutexmap v0.0.0 h1:gnJEBJoYP/3XyXfespDimm2I8UUv+UovbCZ0GYZnYkc=
github.com/yylego/mutexmap v0.0.0/go.mod h1:KzP6c1w01vGnbaaB8pzPsIldlJ7AthaJ24nfE00y+do=
github.com/yylego/neatjson v0.0.0 h1:6xtkRSO6+tH/ou88OsZIkXjTPvI3J9OdoYHKd/zuVkc=
github.com/yylego/neatjson v0.0.0/go.mod h1:PMXHeUZVd5vUG6znS8/rid7WfRNFnlcTrYTYptdrMhk=
github.com/yylego/osexistpath v0.0.0 h1:lQKL136RCeWY4Tymselre9dmf1MSpWo0K5HxbNtFB2U=
github.com/yylego/osexistpath v0.0.0/go.mod h1:IT30Rynd5D2ZgfSDlJbOapHhMN8/335VgkhIe2gmsF4=
github.com/yylego/printgo v0.0.0 h1:ydLS8abFeXbSGsMxNlLU3gXzupukiz+/VPi1Hn8r5IU=
github.com/yylego/printgo v0.0.0/go.mod h1:sjXagkLA4wRDbzzwBaLLt8yCOLGRKRxh+oxHzeZ4VXA=
github.com/yylego/rese v0.0.0 h1:LVZu0tSnU21yuXrfxT8V6TiLqvOqjyK0cO0K/XKiRgw=
github.com/yylego/rese v0.0.0/go.mod h1:c02kLLZbLEmxvfD4zzIPqnjWPMZJvZiBwCxJkZvSBHE=
github.com/yylego/runpath v0.0.4 h1:0YsFB1YA9Wl6YnzWclhqm8arHafc2v8hSNeLCAB2EB8=
github.com/yylego/runpath v0.0.4/go.mod h1:wAM9/Op/7lxJwvDx85ppYvE4LpJydyHCkT8+626Gj3Q=
github.com/yylego/sortx v0.0.2 h1:sYBrMlU5UQ1uxVh+msu4g1KRMTROypeJfP9GM/Rmg8g=
github.com/yylego/sortx v0.0.2/go.mod h1:d5tbyL6it84UaPrY2sGFFYNxJnhiqoUcgJE8lCSllEc=
github.com/yylego/sure v0.0.0 h1:48HdJRR/+1Mie0IO0ICiV8GYyFj4ylSBd+zcr629Qgs=
github.com/yylego/sure v0.0.0/go.mod h1:AtmiKyIlKXsTmrKNOhZ986AY1Yc8KmE/O/GHQEB1Qv0=
github.com/yylego/syntaxgo v0.0.0 h1:t8Kne3rUGtAwhi1PWBeG/YpNEj9pGaHitFPPi40QlUo=
github.com/yylego/syntaxgo v0.0.0/go.mod h1:epcB38YcKaqc1kUpg+6O2VJXDpnyJmwOpb9jIRyvFUY=
github.com/yylego/tern v0.0.0 h1:8A1FXTT6tV55U3ceOycZw68OSNtGQk20/5UAMNyxupQ=
github.com/yylego/tern v0.0.0/go.mod h1:HNk+rptzqHrT3PfeQ7Wg9ZUE42xMEyrHK19FiloWsSo=
github.com/yylego/zaplog v0.0.0 h1:/XhVZt8GaIVwYZkskeLFHminhrZdErlHGMNdhyrPu/Y=
github.com/yylego/zaplog v0.0.0/go.mod h1:9TRr5wjLd/7L6fWMTamEK0NinMy1lz2UB6BuL4YKvls=
go.uber.org/goleak v1.3.0 h1:2K3zAYmnTNqV73imy9J1T3WC+gmCePx2hEGkimedGto=
go.uber.org/goleak v1.3.0/go.mod h1:CoHD4mav9JJNrW/WLlf7HGZPjdw8EucARQHekz1X6bE=
go.uber.org/multierr v1.11.0 h1:blXXJkSxSSfBVBlC76pxqeO+LN3aDfLQo+309xJstO0=
go.uber.org/multierr v1.11.0/go.mod h1:20+QtiLqy0Nd6FdQB9TLXag12DsQkrbs3htMFfDN80Y=
go.uber.org/zap v1.27.1 h1:08RqriUEv8+ArZRYSTXy1LeBScaMpVSTBhCeaZYfMYc=
go.uber.org/zap v1.27.1/go.mod h1:GB2qFLM7cTU87MWRP2mPIjqfIDnGu+VIO4V/SdhGo2E=
golang.org/x/exp v0.0.0-20260218203240-3dfff04db8fa h1:Zt3DZoOFFYkKhDT3v7Lm9FDMEV06GpzjG2jrqW+QTE0=
golang.org/x/exp v0.0.0-20260218203240-3dfff04db8fa/go.mod h1:K79w1Vqn7PoiZn+TkNpx3BUWUQksGO3JcVX6qIjytmA=
golang.org/x/mod v0.33.0 h1:tHFzIWbBifEmbwtGz65eaWyGiGZatSrT9prnU8DbVL8=
golang.org/x/mod v0.33.0/go.mod h1:swjeQEj+6r7fODbD2cqrnje9PnziFuw4bmLbBZFrQ5w=
golang.org/x/net v0.50.0 h1:ucWh9eiCGyDR3vtzso0WMQinm2Dnt8cFMuQa9K33J60=
golang.org/x/net v0.50.0/go.mod h1:UgoSli3F/pBgdJBHCTc+tp3gmrU4XswgGRgtnwWTfyM=
golang.org/x/sync v0.20.0 h1:e0PTpb7pjO8GAtTs2dQ6jYa5BWYlMuX047Dco/pItO4=
golang.org/x/sync v0.20.0/go.mod h1:9xrNwdLfx4jkKbNva9FpL6vEN7evnE43NNNJQ2LF3+0=
golang.org/x/text v0.35.0 h1:JOVx6vVDFokkpaq1AEptVzLTpDe9KGpj5tR4/X+ybL8=
golang.org/x/text v0.35.0/go.mod h1:khi/HExzZJ2pGnjenulevKNX1W67CUy0AsXcNubPGCA=
golang.org/x/time v0.12.0 h1:ScB/8o8olJvc+CQPWrK3fPZNfh7qgwCrY0zJmoEQLSE=
golang.org/x/time v0.12.0/go.mod h1:CDIdPxbZBQxdj6cxyCIdrNogrJKMJ7pr37NYpMcMDSg=
golang.org/x/tools v0.42.0 h1:uNgphsn75Tdz5Ji2q36v/nsFSfR/9BRFvqhGBaJGd5k=
golang.org/x/tools v0.42.0/go.mod h1:Ma6lCIwGZvHK6XtgbswSoWroEkhugApmsXyrUmBhfr0=
gopkg.in/check.v1 v0.0.0-20161208181325-20d25e280405/go.mod h1:Co6ibVJAznAaIkqp8huTwlJQCZ016jof/cbN4VW5Yz0=
gopkg.in/check.v1 v1.0.0-20201130134442-10cb98267c6c h1:Hei/4ADfdWqJk1ZMxUNpqntNwaWcugrBjAiHlqqRiVk=
gopkg.in/check.v1 v1.0.0-20201130134442-10cb98267c6c/go.mod h1:JHkPIbrfpd72SG/EVd6muEfDQjcINNoR0C8j2r3qZ4Q=
gopkg.in/yaml.v3 v3.0.1 h1:fxVm/GzAzEWqLHuvctI91KS9hhNmmWOoWu0XTYJS7CA=
gopkg.in/yaml.v3 v3.0.1/go.mod h1:K4uyk7z7BCEPqu6E+C64Yfv1cQ7kz7rIZviUmN+EgEM=
gorm.io/driver/sqlite v1.6.0 h1:WHRRrIiulaPiPFmDcod6prc4l2VGVWHz80KspNsxSfQ=
gorm.io/driver/sqlite v1.6.0/go.mod h1:AO9V1qIQddBESngQUKWL9yoH93HIeA1X6V633rBwyT8=
gorm.io/gorm v1.31.1 h1:7CA8FTFz/gRfgqgpeKIBcervUn3xSyPUmr6B2WXJ7kg=
gorm.io/gorm v1.31.1/go.mod h1:XyQVbO2k6YkOis7C2437jSit3SsDK72s7n7rsSHd+Gs=
